
Microsoft Visual Studio Solution File, Format Version 12.00
# Visual Studio Version 17
VisualStudioVersion = 17.8.34227.203
MinimumVisualStudioVersion = 10.0.40219.1
Project("{FAE04EC0-301F-11D3-BF4B-00C04F79EFBC}") = "WebApplication1", "WebApplication1\WebApplication1.csproj", "{D0843B89-5667-44B3-9A87-214F21B1B74C}"
EndProject
Global
	GlobalSection(SolutionConfigurationPlatforms) = preSolution
		Debug|Any CPU = Debug|Any CPU
		Release|Any CPU = Release|Any CPU
	EndGlobalSection
	GlobalSection(ProjectConfigurationPlatforms) = postSolution
		{D0843B89-5667-44B3-9A87-214F21B1B74C}.Debug|Any CPU.ActiveCfg = Debug|Any CPU
		{D0843B89-5667-44B3-9A87-214F21B1B74C}.Debug|Any CPU.Build.0 = Debug|Any CPU
		{D0843B89-5667-44B3-9A87-214F21B1B74C}.Release|Any CPU.ActiveCfg = Release|Any CPU
		{D0843B89-5667-44B3-9A87-214F21B1B74C}.Release|Any CPU.Build.0 = Release|Any CPU
	EndGlobalSection
	GlobalSection(SolutionProperties) = preSolution
		HideSolutionNode = FALSE
	EndGlobalSection
	GlobalSection(ExtensibilityGlobals) = postSolution
		SolutionGuid = {A0E2EDE2-E720-4FA8-AAAB-5E8DDEF01DF5}
	EndGlobalSection
EndGlobal
